{
  "originHash" : "359ec8498d177b4edf6b3b65da2ed8be5b4e555d5ee6349b3b461fa927cd3b16",
  "pins" : [
    {
      "identity" : "flic2lib-ios",
      "kind" : "remoteSourceControl",
      "location" : "https://github.com/50ButtonsEach/flic2lib-ios",
      "state" : {
        "branch" : "feature/duo",
        "revision" : "4b0d1a7aabb9ee6e47c8175ea5a8a77aa5e53405"
      }
    }
  ],
  "version" : 3
}
