{
  "originHash" : "359ec8498d177b4edf6b3b65da2ed8be5b4e555d5ee6349b3b461fa927cd3b16",
  "pins" : [
    {
      "identity" : "flic2lib-ios",
      "kind" : "remoteSourceControl",
      "location" : "https://github.com/50ButtonsEach/flic2lib-ios",
      "state" : {
        "branch" : "feature/duo",
        "revision" : "69ccfce0d3076537ac37361f3e0ae54d95a3a328"
      }
    }
  ],
  "version" : 3
}
